
Microsoft Visual Studio Solution File, Format Version 12.00
# Visual Studio 15
VisualStudioVersion = 15.0.27703.2000
MinimumVisualStudioVersion = 10.0.40219.1
Project("{FAE04EC0-301F-11D3-BF4B-00C04F79EFBC}") = "Estudiante", "Estudiante\Estudiante.csproj", "{BD41541A-498B-4D22-8CF5-5C9510D111AF}"
EndProject
Project("{FAE04EC0-301F-11D3-BF4B-00C04F79EFBC}") = "Comision", "Comision\Comision.csproj", "{04984A5C-B459-4F53-ADED-359A6DEC4885}"
EndProject
Global
	GlobalSection(SolutionConfigurationPlatforms) = preSolution
		Debug|Any CPU = Debug|Any CPU
		Release|Any CPU = Release|Any CPU
	EndGlobalSection
	GlobalSection(ProjectConfigurationPlatforms) = postSolution
		{BD41541A-498B-4D22-8CF5-5C9510D111AF}.Debug|Any CPU.ActiveCfg = Debug|Any CPU
		{BD41541A-498B-4D22-8CF5-5C9510D111AF}.Debug|Any CPU.Build.0 = Debug|Any CPU
		{BD41541A-498B-4D22-8CF5-5C9510D111AF}.Release|Any CPU.ActiveCfg = Release|Any CPU
		{BD41541A-498B-4D22-8CF5-5C9510D111AF}.Release|Any CPU.Build.0 = Release|Any CPU
		{04984A5C-B459-4F53-ADED-359A6DEC4885}.Debug|Any CPU.ActiveCfg = Debug|Any CPU
		{04984A5C-B459-4F53-ADED-359A6DEC4885}.Debug|Any CPU.Build.0 = Debug|Any CPU
		{04984A5C-B459-4F53-ADED-359A6DEC4885}.Release|Any CPU.ActiveCfg = Release|Any CPU
		{04984A5C-B459-4F53-ADED-359A6DEC4885}.Release|Any CPU.Build.0 = Release|Any CPU
	EndGlobalSection
	GlobalSection(SolutionProperties) = preSolution
		HideSolutionNode = FALSE
	EndGlobalSection
	GlobalSection(ExtensibilityGlobals) = postSolution
		SolutionGuid = {10605A68-ECB7-490E-9B51-05A5165D93FC}
	EndGlobalSection
EndGlobal
